
Microsoft Visual Studio Solution File, Format Version 12.00
# Visual Studio 15
VisualStudioVersion = 15.0.27004.2009
MinimumVisualStudioVersion = 10.0.40219.1
Project("{FAE04EC0-301F-11D3-BF4B-00C04F79EFBC}") = "AntSim.Core", "AntSim.Core\AntSim.Core.csproj", "{106F468A-FB28-4558-8E6E-B2E0789EB145}"
EndProject
Global
	GlobalSection(SolutionConfigurationPlatforms) = preSolution
		Debug|Any CPU = Debug|Any CPU
		Release|Any CPU = Release|Any CPU
	EndGlobalSection
	GlobalSection(ProjectConfigurationPlatforms) = postSolution
		{106F468A-FB28-4558-8E6E-B2E0789EB145}.Debug|Any CPU.ActiveCfg = Debug|Any CPU
		{106F468A-FB28-4558-8E6E-B2E0789EB145}.Debug|Any CPU.Build.0 = Debug|Any CPU
		{106F468A-FB28-4558-8E6E-B2E0789EB145}.Release|Any CPU.ActiveCfg = Release|Any CPU
		{106F468A-FB28-4558-8E6E-B2E0789EB145}.Release|Any CPU.Build.0 = Release|Any CPU
	EndGlobalSection
	GlobalSection(SolutionProperties) = preSolution
		HideSolutionNode = FALSE
	EndGlobalSection
	GlobalSection(ExtensibilityGlobals) = postSolution
		SolutionGuid = {8AC34125-3D0D-4207-AE0E-DC59D9408BA3}
	EndGlobalSection
	GlobalSection(TeamFoundationVersionControl) = preSolution
		SccNumberOfProjects = 2
		SccEnterpriseProvider = {4CA58AB2-18FA-4F8D-95D4-32DDF27D184C}
		SccTeamFoundationServer = https://arrant.visualstudio.com/
		SccLocalPath0 = .
		SccProjectUniqueName1 = AntSim.Core\\AntSim.Core.csproj
		SccProjectName1 = AntSim.Core
		SccLocalPath1 = AntSim.Core
	EndGlobalSection
EndGlobal
